
Microsoft Visual Studio Solution File, Format Version 12.00
# Visual Studio Version 17
VisualStudioVersion = 17.14.36705.20
MinimumVisualStudioVersion = 10.0.40219.1
Project("{FAE04EC0-301F-11D3-BF4B-00C04F79EFBC}") = "Vaultify.Api", "Vaultify.Api.csproj", "{7FC682C5-6453-977D-10A9-FF8F68A629DB}"
EndProject
Global
	GlobalSection(SolutionConfigurationPlatforms) = preSolution
		Debug|Any CPU = Debug|Any CPU
		Release|Any CPU = Release|Any CPU
	EndGlobalSection
	GlobalSection(ProjectConfigurationPlatforms) = postSolution
		{7FC682C5-6453-977D-10A9-FF8F68A629DB}.Debug|Any CPU.ActiveCfg = Debug|Any CPU
		{7FC682C5-6453-977D-10A9-FF8F68A629DB}.Debug|Any CPU.Build.0 = Debug|Any CPU
		{7FC682C5-6453-977D-10A9-FF8F68A629DB}.Release|Any CPU.ActiveCfg = Release|Any CPU
		{7FC682C5-6453-977D-10A9-FF8F68A629DB}.Release|Any CPU.Build.0 = Release|Any CPU
	EndGlobalSection
	GlobalSection(SolutionProperties) = preSolution
		HideSolutionNode = FALSE
	EndGlobalSection
	GlobalSection(ExtensibilityGlobals) = postSolution
		SolutionGuid = {CD336E1E-79BA-45EE-B0AD-3BFA366D0F67}
	EndGlobalSection
EndGlobal
